# This file is automatically @generated by Cargo.
# It is not intended for manual editing.
version = 4

[[package]]
name = "wavemark-api"
version = "0.1.0"

[[package]]
name = "wavemark-decoder"
version = "0.1.0"

[[package]]
name = "wavemark-encoder"
version = "0.1.0"

[[package]]
name = "wavemark-fourier"
version = "0.1.0"
